PODS:
  - Bugly (2.5.0)
  - DeepDiff (1.2.0)
  - Siren (3.3.0)
  - Starscream (3.0.5)
  - UMCAnalytics (5.5.0):
    - UMCCommon
  - UMCCommon (1.5.0)
  - UMCSecurityPlugins (1.0.6)

DEPENDENCIES:
  - Bugly
  - DeepDiff
  - Siren
  - Starscream
  - UMCAnalytics
  - UMCCommon
  - UMCSecurityPlugins

SPEC REPOS:
  https://github.com/CocoaPods/Specs.git:
    - Bugly
    - DeepDiff
    - Siren
    - Starscream
    - UMCAnalytics
    - UMCCommon
    - UMCSecurityPlugins

SPEC CHECKSUMS:
  Bugly: 3ca9f255c01025582df26f9222893b383c7e4b4e
  DeepDiff: 0ee83ac6942d441f677c22e981548c6e0937f2b6
  Siren: e7183967550b986736103f24ca6c74896a475145
  Starscream: faf918b2f2eff7d5dd21180646bf015a669673bd
  UMCAnalytics: 4667788559a72f2fa5077117d1b8802a3b6eb6bb
  UMCCommon: 82d21f4bb9532a5472cc533bbd8ed48aff376a14
  UMCSecurityPlugins: 0831a08f3988f3cea9f1d3a7626cd9bee4fef150

PODFILE CHECKSUM: ad3a0d8426add2ef18a28f8a92fe030d815e9771

COCOAPODS: 1.5.0
