PODS:
  - DeepDiff (1.2.0)
  - Siren (3.3.0)
  - Starscream (3.0.5)
  - SwiftyJSON (4.1.0)

DEPENDENCIES:
  - DeepDiff
  - Siren
  - Starscream
  - SwiftyJSON

SPEC REPOS:
  https://github.com/CocoaPods/Specs.git:
    - DeepDiff
    - Siren
    - Starscream
    - SwiftyJSON

SPEC CHECKSUMS:
  DeepDiff: 0ee83ac6942d441f677c22e981548c6e0937f2b6
  Siren: e7183967550b986736103f24ca6c74896a475145
  Starscream: faf918b2f2eff7d5dd21180646bf015a669673bd
  SwiftyJSON: c29297daf073d2aa016295d5809cdd68045c39b3

PODFILE CHECKSUM: cc571d3c73da7a8c1c75ab2d1208174b7acd9db1

COCOAPODS: 1.5.0
